
Microsoft Visual Studio Solution File, Format Version 12.00
# Visual Studio 15
VisualStudioVersion = 15.0.28010.2003
MinimumVisualStudioVersion = 10.0.40219.1
Project("{9A19103F-16F7-4668-BE54-9A1E7A4F7556}") = "GitDiffReader", "GitDiffReader\GitDiffReader.csproj", "{906CD184-489C-460F-914B-99B357AB16AD}"
EndProject
Project("{9A19103F-16F7-4668-BE54-9A1E7A4F7556}") = "GitDiffReader.Tests", "GitDiffReader.Tests\GitDiffReader.Tests.csproj", "{31E67188-DD57-423D-BD4B-F05266ED7B3D}"
EndProject
Project("{2150E333-8FDC-42A3-9474-1A3956D46DE8}") = "Solution Items", "Solution Items", "{FE917B57-7750-4DF2-9794-BB36390D5B3B}"
	ProjectSection(SolutionItems) = preProject
		appveyor.yml = appveyor.yml
		build.ps1 = build.ps1
		README.md = README.md
	EndProjectSection
EndProject
Global
	GlobalSection(SolutionConfigurationPlatforms) = preSolution
		Debug|Any CPU = Debug|Any CPU
		Release|Any CPU = Release|Any CPU
	EndGlobalSection
	GlobalSection(ProjectConfigurationPlatforms) = postSolution
		{906CD184-489C-460F-914B-99B357AB16AD}.Debug|Any CPU.ActiveCfg = Debug|Any CPU
		{906CD184-489C-460F-914B-99B357AB16AD}.Debug|Any CPU.Build.0 = Debug|Any CPU
		{906CD184-489C-460F-914B-99B357AB16AD}.Release|Any CPU.ActiveCfg = Release|Any CPU
		{906CD184-489C-460F-914B-99B357AB16AD}.Release|Any CPU.Build.0 = Release|Any CPU
		{31E67188-DD57-423D-BD4B-F05266ED7B3D}.Debug|Any CPU.ActiveCfg = Debug|Any CPU
		{31E67188-DD57-423D-BD4B-F05266ED7B3D}.Debug|Any CPU.Build.0 = Debug|Any CPU
		{31E67188-DD57-423D-BD4B-F05266ED7B3D}.Release|Any CPU.ActiveCfg = Release|Any CPU
		{31E67188-DD57-423D-BD4B-F05266ED7B3D}.Release|Any CPU.Build.0 = Release|Any CPU
	EndGlobalSection
	GlobalSection(SolutionProperties) = preSolution
		HideSolutionNode = FALSE
	EndGlobalSection
	GlobalSection(ExtensibilityGlobals) = postSolution
		SolutionGuid = {03B7C397-BBCF-45BA-B113-9E2D63D75BC9}
	EndGlobalSection
EndGlobal
